
Microsoft Visual Studio Solution File, Format Version 12.00
# Visual Studio 15
VisualStudioVersion = 15.0.26730.12
MinimumVisualStudioVersion = 10.0.40219.1
Project("{2150E333-8FDC-42A3-9474-1A3956D46DE8}") = "Players", "Players", "{5B5949B2-3036-4E63-BB50-2DA8A438004D}"
EndProject
Project("{9A19103F-16F7-4668-BE54-9A1E7A4F7556}") = "KeyEngine", "Source\KeyEngine\KeyEngine.csproj", "{218FDD25-5EC2-4837-B224-4AB15E40C344}"
EndProject
Project("{9A19103F-16F7-4668-BE54-9A1E7A4F7556}") = "Player.Windows", "Source\Players\Windows\Player.Windows.csproj", "{CF8BE7A0-49BF-4AE8-89C3-51D575ECA080}"
EndProject
Project("{2150E333-8FDC-42A3-9474-1A3956D46DE8}") = "Depencencies", "Depencencies", "{3A9C50A0-DF64-4FEE-B3B4-5C67924FCB75}"
EndProject
Project("{9A19103F-16F7-4668-BE54-9A1E7A4F7556}") = "KeyEditor", "Source\KeyEditor\KeyEditor.csproj", "{F850D5D3-E8AA-43CC-A37B-332E95C2AF15}"
EndProject
Project("{FAE04EC0-301F-11D3-BF4B-00C04F79EFBC}") = "WpfApp", "Source\WpfApp\WpfApp.csproj", "{0C3BBF7A-B6E3-4077-8AF0-187C06306D20}"
EndProject
Global
	GlobalSection(SolutionConfigurationPlatforms) = preSolution
		Debug|Any CPU = Debug|Any CPU
		Debug|x64 = Debug|x64
		Debug|x86 = Debug|x86
		Release|Any CPU = Release|Any CPU
		Release|x64 = Release|x64
		Release|x86 = Release|x86
	EndGlobalSection
	GlobalSection(ProjectConfigurationPlatforms) = postSolution
		{218FDD25-5EC2-4837-B224-4AB15E40C344}.Debug|Any CPU.ActiveCfg = Debug|Any CPU
		{218FDD25-5EC2-4837-B224-4AB15E40C344}.Debug|Any CPU.Build.0 = Debug|Any CPU
		{218FDD25-5EC2-4837-B224-4AB15E40C344}.Debug|x64.ActiveCfg = Debug|Any CPU
		{218FDD25-5EC2-4837-B224-4AB15E40C344}.Debug|x64.Build.0 = Debug|Any CPU
		{218FDD25-5EC2-4837-B224-4AB15E40C344}.Debug|x86.ActiveCfg = Debug|Any CPU
		{218FDD25-5EC2-4837-B224-4AB15E40C344}.Debug|x86.Build.0 = Debug|Any CPU
		{218FDD25-5EC2-4837-B224-4AB15E40C344}.Release|Any CPU.ActiveCfg = Release|Any CPU
		{218FDD25-5EC2-4837-B224-4AB15E40C344}.Release|Any CPU.Build.0 = Release|Any CPU
		{218FDD25-5EC2-4837-B224-4AB15E40C344}.Release|x64.ActiveCfg = Release|Any CPU
		{218FDD25-5EC2-4837-B224-4AB15E40C344}.Release|x64.Build.0 = Release|Any CPU
		{218FDD25-5EC2-4837-B224-4AB15E40C344}.Release|x86.ActiveCfg = Release|Any CPU
		{218FDD25-5EC2-4837-B224-4AB15E40C344}.Release|x86.Build.0 = Release|Any CPU
		{CF8BE7A0-49BF-4AE8-89C3-51D575ECA080}.Debug|Any CPU.ActiveCfg = Debug|Any CPU
		{CF8BE7A0-49BF-4AE8-89C3-51D575ECA080}.Debug|Any CPU.Build.0 = Debug|Any CPU
		{CF8BE7A0-49BF-4AE8-89C3-51D575ECA080}.Debug|x64.ActiveCfg = Debug|Any CPU
		{CF8BE7A0-49BF-4AE8-89C3-51D575ECA080}.Debug|x64.Build.0 = Debug|Any CPU
		{CF8BE7A0-49BF-4AE8-89C3-51D575ECA080}.Debug|x86.ActiveCfg = Debug|Any CPU
		{CF8BE7A0-49BF-4AE8-89C3-51D575ECA080}.Debug|x86.Build.0 = Debug|Any CPU
		{CF8BE7A0-49BF-4AE8-89C3-51D575ECA080}.Release|Any CPU.ActiveCfg = Release|Any CPU
		{CF8BE7A0-49BF-4AE8-89C3-51D575ECA080}.Release|Any CPU.Build.0 = Release|Any CPU
		{CF8BE7A0-49BF-4AE8-89C3-51D575ECA080}.Release|x64.ActiveCfg = Release|Any CPU
		{CF8BE7A0-49BF-4AE8-89C3-51D575ECA080}.Release|x64.Build.0 = Release|Any CPU
		{CF8BE7A0-49BF-4AE8-89C3-51D575ECA080}.Release|x86.ActiveCfg = Release|Any CPU
		{CF8BE7A0-49BF-4AE8-89C3-51D575ECA080}.Release|x86.Build.0 = Release|Any CPU
		{F850D5D3-E8AA-43CC-A37B-332E95C2AF15}.Debug|Any CPU.ActiveCfg = Debug|Any CPU
		{F850D5D3-E8AA-43CC-A37B-332E95C2AF15}.Debug|Any CPU.Build.0 = Debug|Any CPU
		{F850D5D3-E8AA-43CC-A37B-332E95C2AF15}.Debug|x64.ActiveCfg = Debug|Any CPU
		{F850D5D3-E8AA-43CC-A37B-332E95C2AF15}.Debug|x64.Build.0 = Debug|Any CPU
		{F850D5D3-E8AA-43CC-A37B-332E95C2AF15}.Debug|x86.ActiveCfg = Debug|Any CPU
		{F850D5D3-E8AA-43CC-A37B-332E95C2AF15}.Debug|x86.Build.0 = Debug|Any CPU
		{F850D5D3-E8AA-43CC-A37B-332E95C2AF15}.Release|Any CPU.ActiveCfg = Release|Any CPU
		{F850D5D3-E8AA-43CC-A37B-332E95C2AF15}.Release|Any CPU.Build.0 = Release|Any CPU
		{F850D5D3-E8AA-43CC-A37B-332E95C2AF15}.Release|x64.ActiveCfg = Release|Any CPU
		{F850D5D3-E8AA-43CC-A37B-332E95C2AF15}.Release|x64.Build.0 = Release|Any CPU
		{F850D5D3-E8AA-43CC-A37B-332E95C2AF15}.Release|x86.ActiveCfg = Release|Any CPU
		{F850D5D3-E8AA-43CC-A37B-332E95C2AF15}.Release|x86.Build.0 = Release|Any CPU
		{0C3BBF7A-B6E3-4077-8AF0-187C06306D20}.Debug|Any CPU.ActiveCfg = Debug|Any CPU
		{0C3BBF7A-B6E3-4077-8AF0-187C06306D20}.Debug|Any CPU.Build.0 = Debug|Any CPU
		{0C3BBF7A-B6E3-4077-8AF0-187C06306D20}.Debug|x64.ActiveCfg = Debug|Any CPU
		{0C3BBF7A-B6E3-4077-8AF0-187C06306D20}.Debug|x64.Build.0 = Debug|Any CPU
		{0C3BBF7A-B6E3-4077-8AF0-187C06306D20}.Debug|x86.ActiveCfg = Debug|Any CPU
		{0C3BBF7A-B6E3-4077-8AF0-187C06306D20}.Debug|x86.Build.0 = Debug|Any CPU
		{0C3BBF7A-B6E3-4077-8AF0-187C06306D20}.Release|Any CPU.ActiveCfg = Release|Any CPU
		{0C3BBF7A-B6E3-4077-8AF0-187C06306D20}.Release|Any CPU.Build.0 = Release|Any CPU
		{0C3BBF7A-B6E3-4077-8AF0-187C06306D20}.Release|x64.ActiveCfg = Release|Any CPU
		{0C3BBF7A-B6E3-4077-8AF0-187C06306D20}.Release|x64.Build.0 = Release|Any CPU
		{0C3BBF7A-B6E3-4077-8AF0-187C06306D20}.Release|x86.ActiveCfg = Release|Any CPU
		{0C3BBF7A-B6E3-4077-8AF0-187C06306D20}.Release|x86.Build.0 = Release|Any CPU
	EndGlobalSection
	GlobalSection(SolutionProperties) = preSolution
		HideSolutionNode = FALSE
	EndGlobalSection
	GlobalSection(NestedProjects) = preSolution
		{CF8BE7A0-49BF-4AE8-89C3-51D575ECA080} = {5B5949B2-3036-4E63-BB50-2DA8A438004D}
	EndGlobalSection
	GlobalSection(ExtensibilityGlobals) = postSolution
		SolutionGuid = {953F1F22-0C19-4D48-B286-5BBE2C7A4CE0}
	EndGlobalSection
EndGlobal
